// !$*UTF8*$!
{
	archiveVersion = 1;
	classes = {
	};
	objectVersion = 50;
	objects = {

/* Begin PBXBuildFile section */
		E780259F257FA4B100030297 /* AppDelegate.swift in Sources */ = {isa = PBXBuildFile; fileRef = E780259E257FA4B100030297 /* AppDelegate.swift */; };
		E78025A1257FA4B100030297 /* SceneDelegate.swift in Sources */ = {isa = PBXBuildFile; fileRef = E78025A0257FA4B100030297 /* SceneDelegate.swift */; };
		E78025A3257FA4B100030297 /* ViewController.swift in Sources */ = {isa = PBXBuildFile; fileRef = E78025A2257FA4B100030297 /* ViewController.swift */; };
		E78025A6257FA4B100030297 /* Main.storyboard in Resources */ = {isa = PBXBuildFile; fileRef = E78025A4257FA4B100030297 /* Main.storyboard */; };
		E78025A8257FA4B200030297 /* Assets.xcassets in Resources */ = {isa = PBXBuildFile; fileRef = E78025A7257FA4B200030297 /* Assets.xcassets */; };
		E78025AB257FA4B200030297 /* LaunchScreen.storyboard in Resources */ = {isa = PBXBuildFile; fileRef = E78025A9257FA4B200030297 /* LaunchScreen.storyboard */; };
		E78025B4257FA50500030297 /* ImageDownloader.swift in Sources */ = {isa = PBXBuildFile; fileRef = E78025B3257FA50500030297 /* ImageDownloader.swift */; };
		E78025B7257FA52100030297 /* ImageCell.swift in Sources */ = {isa = PBXBuildFile; fileRef = E78025B6257FA52100030297 /* ImageCell.swift */; };
/* End PBXBuildFile section */

/* Begin PBXFileReference section */
		E780259B257FA4B100030297 /* homework-5.app */ = {isa = PBXFileReference; explicitFileType = wrapper.application; includeInIndex = 0; path = "homework-5.app"; sourceTree = BUILT_PRODUCTS_DIR; };
		E780259E257FA4B100030297 /* AppDelegate.swift */ = {isa = PBXFileReference; lastKnownFileType = sourcecode.swift; path = AppDelegate.swift; sourceTree = "<group>"; };
		E78025A0257FA4B100030297 /* SceneDelegate.swift */ = {isa = PBXFileReference; lastKnownFileType = sourcecode.swift; path = SceneDelegate.swift; sourceTree = "<group>"; };
		E78025A2257FA4B100030297 /* ViewController.swift */ = {isa = PBXFileReference; lastKnownFileType = sourcecode.swift; path = ViewController.swift; sourceTree = "<group>"; };
		E78025A5257FA4B100030297 /* Base */ = {isa = PBXFileReference; lastKnownFileType = file.storyboard; name = Base; path = Base.lproj/Main.storyboard; sourceTree = "<group>"; };
		E78025A7257FA4B200030297 /* Assets.xcassets */ = {isa = PBXFileReference; lastKnownFileType = folder.assetcatalog; path = Assets.xcassets; sourceTree = "<group>"; };
		E78025AA257FA4B200030297 /* Base */ = {isa = PBXFileReference; lastKnownFileType = file.storyboard; name = Base; path = Base.lproj/LaunchScreen.storyboard; sourceTree = "<group>"; };
		E78025AC257FA4B200030297 /* Info.plist */ = {isa = PBXFileReference; lastKnownFileType = text.plist.xml; path = Info.plist; sourceTree = "<group>"; };
		E78025B3257FA50500030297 /* ImageDownloader.swift */ = {isa = PBXFileReference; lastKnownFileType = sourcecode.swift; path = ImageDownloader.swift; sourceTree = "<group>"; };
		E78025B6257FA52100030297 /* ImageCell.swift */ = {isa = PBXFileReference; lastKnownFileType = sourcecode.swift; path = ImageCell.swift; sourceTree = "<group>"; };
/* End PBXFileReference section */

/* Begin PBXFrameworksBuildPhase section */
		E7802598257FA4B100030297 /* Frameworks */ = {
			isa = PBXFrameworksBuildPhase;
			buildActionMask = 2147483647;
			files = (
			);
			runOnlyForDeploymentPostprocessing = 0;
		};
/* End PBXFrameworksBuildPhase section */

/* Begin PBXGroup section */
		E7802592257FA4B100030297 = {
			isa = PBXGroup;
			children = (
				E780259D257FA4B100030297 /* homework-5 */,
				E780259C257FA4B100030297 /* Products */,
			);
			sourceTree = "<group>";
		};
		E780259C257FA4B100030297 /* Products */ = {
			isa = PBXGroup;
			children = (
				E780259B257FA4B100030297 /* homework-5.app */,
			);
			name = Products;
			sourceTree = "<group>";
		};
		E780259D257FA4B100030297 /* homework-5 */ = {
			isa = PBXGroup;
			children = (
				E780259E257FA4B100030297 /* AppDelegate.swift */,
				E78025A0257FA4B100030297 /* SceneDelegate.swift */,
				E78025A2257FA4B100030297 /* ViewController.swift */,
				E78025A4257FA4B100030297 /* Main.storyboard */,
				E78025A7257FA4B200030297 /* Assets.xcassets */,
				E78025A9257FA4B200030297 /* LaunchScreen.storyboard */,
				E78025AC257FA4B200030297 /* Info.plist */,
				E78025B3257FA50500030297 /* ImageDownloader.swift */,
				E78025B6257FA52100030297 /* ImageCell.swift */,
			);
			path = "homework-5";
			sourceTree = "<group>";
		};
/* End PBXGroup section */

/* Begin PBXNativeTarget section */
		E780259A257FA4B100030297 /* homework-5 */ = {
			isa = PBXNativeTarget;
			buildConfigurationList = E78025AF257FA4B200030297 /* Build configuration list for PBXNativeTarget "homework-5" */;
			buildPhases = (
				E7802597257FA4B100030297 /* Sources */,
				E7802598257FA4B100030297 /* Frameworks */,
				E7802599257FA4B100030297 /* Resources */,
			);
			buildRules = (
			);
			dependencies = (
			);
			name = "homework-5";
			productName = "homework-5";
			productReference = E780259B257FA4B100030297 /* homework-5.app */;
			productType = "com.apple.product-type.application";
		};
/* End PBXNativeTarget section */

/* Begin PBXProject section */
		E7802593257FA4B100030297 /* Project object */ = {
			isa = PBXProject;
			attributes = {
				LastSwiftUpdateCheck = 1220;
				LastUpgradeCheck = 1220;
				TargetAttributes = {
					E780259A257FA4B100030297 = {
						CreatedOnToolsVersion = 12.2;
					};
				};
			};
			buildConfigurationList = E7802596257FA4B100030297 /* Build configuration list for PBXProject "homework-5" */;
			compatibilityVersion = "Xcode 9.3";
			developmentRegion = en;
			hasScannedForEncodings = 0;
			knownRegions = (
				en,
				Base,
			);
			mainGroup = E7802592257FA4B100030297;
			productRefGroup = E780259C257FA4B100030297 /* Products */;
			projectDirPath = "";
			projectRoot = "";
			targets = (
				E780259A257FA4B100030297 /* homework-5 */,
			);
		};
/* End PBXProject section */

/* Begin PBXResourcesBuildPhase section */
		E7802599257FA4B100030297 /* Resources */ = {
			isa = PBXResourcesBuildPhase;
			buildActionMask = 2147483647;
			files = (
				E78025AB257FA4B200030297 /* LaunchScreen.storyboard in Resources */,
				E78025A8257FA4B200030297 /* Assets.xcassets in Resources */,
				E78025A6257FA4B100030297 /* Main.storyboard in Resources */,
			);
			runOnlyForDeploymentPostprocessing = 0;
		};
/* End PBXResourcesBuildPhase section */

/* Begin PBXSourcesBuildPhase section */
		E7802597257FA4B100030297 /* Sources */ = {
			isa = PBXSourcesBuildPhase;
			buildActionMask = 2147483647;
			files = (
				E78025A3257FA4B100030297 /* ViewController.swift in Sources */,
				E780259F257FA4B100030297 /* AppDelegate.swift in Sources */,
				E78025B4257FA50500030297 /* ImageDownloader.swift in Sources */,
				E78025A1257FA4B100030297 /* SceneDelegate.swift in Sources */,
				E78025B7257FA52100030297 /* ImageCell.swift in Sources */,
			);
			runOnlyForDeploymentPostprocessing = 0;
		};
/* End PBXSourcesBuildPhase section */

/* Begin PBXVariantGroup section */
		E78025A4257FA4B100030297 /* Main.storyboard */ = {
			isa = PBXVariantGroup;
			children = (
				E78025A5257FA4B100030297 /* Base */,
			);
			name = Main.storyboard;
			sourceTree = "<group>";
		};
		E78025A9257FA4B200030297 /* LaunchScreen.storyboard */ = {
			isa = PBXVariantGroup;
			children = (
				E78025AA257FA4B200030297 /* Base */,
			);
			name = LaunchScreen.storyboard;
			sourceTree = "<group>";
		};
/* End PBXVariantGroup section */

/* Begin XCBuildConfiguration section */
		E78025AD257FA4B200030297 /* Debug */ = {
			isa = XCBuildConfiguration;
			buildSettings = {
				ALWAYS_SEARCH_USER_PATHS = NO;
				CLANG_ANALYZER_NONNULL = YES;
				CLANG_ANALYZER_NUMBER_OBJECT_CONVERSION = YES_AGGRESSIVE;
				CLANG_CXX_LANGUAGE_STANDARD = "gnu++14";
				CLANG_CXX_LIBRARY = "libc++";
				CLANG_ENABLE_MODULES = YES;
				CLANG_ENABLE_OBJC_ARC = YES;
				CLANG_ENABLE_OBJC_WEAK = YES;
				CLANG_WARN_BLOCK_CAPTURE_AUTORELEASING = YES;
				CLANG_WARN_BOOL_CONVERSION = YES;
				CLANG_WARN_COMMA = YES;
				CLANG_WARN_CONSTANT_CONVERSION = YES;
				CLANG_WARN_DEPRECATED_OBJC_IMPLEMENTATIONS = YES;
				CLANG_WARN_DIRECT_OBJC_ISA_USAGE = YES_ERROR;
				CLANG_WARN_DOCUMENTATION_COMMENTS = YES;
				CLANG_WARN_EMPTY_BODY = YES;
				CLANG_WARN_ENUM_CONVERSION = YES;
				CLANG_WARN_INFINITE_RECURSION = YES;
				CLANG_WARN_INT_CONVERSION = YES;
				CLANG_WARN_NON_LITERAL_NULL_CONVERSION = YES;
				CLANG_WARN_OBJC_IMPLICIT_RETAIN_SELF = YES;
				CLANG_WARN_OBJC_LITERAL_CONVERSION = YES;
				CLANG_WARN_OBJC_ROOT_CLASS = YES_ERROR;
				CLANG_WARN_QUOTED_INCLUDE_IN_FRAMEWORK_HEADER = YES;
				CLANG_WARN_RANGE_LOOP_ANALYSIS = YES;
				CLANG_WARN_STRICT_PROTOTYPES = YES;
				CLANG_WARN_SUSPICIOUS_MOVE = YES;
				CLANG_WARN_UNGUARDED_AVAILABILITY = YES_AGGRESSIVE;
				CLANG_WARN_UNREACHABLE_CODE = YES;
				CLANG_WARN__DUPLICATE_METHOD_MATCH = YES;
				COPY_PHASE_STRIP = NO;
				DEBUG_INFORMATION_FORMAT = dwarf;
				ENABLE_STRICT_OBJC_MSGSEND = YES;
				ENABLE_TESTABILITY = YES;
				GCC_C_LANGUAGE_STANDARD = gnu11;
				GCC_DYNAMIC_NO_PIC = NO;
				GCC_NO_COMMON_BLOCKS = YES;
				GCC_OPTIMIZATION_LEVEL = 0;
				GCC_PREPROCESSOR_DEFINITIONS = (
					"DEBUG=1",
					"$(inherited)",
				);
				GCC_WARN_64_TO_32_BIT_CONVERSION = YES;
				GCC_WARN_ABOUT_RETURN_TYPE = YES_ERROR;
				GCC_WARN_UNDECLARED_SELECTOR = YES;
				GCC_WARN_UNINITIALIZED_AUTOS = YES_AGGRESSIVE;
				GCC_WARN_UNUSED_FUNCTION = YES;
				GCC_WARN_UNUSED_VARIABLE = YES;
				IPHONEOS_DEPLOYMENT_TARGET = 14.2;
				MTL_ENABLE_DEBUG_INFO = INCLUDE_SOURCE;
				MTL_FAST_MATH = YES;
				ONLY_ACTIVE_ARCH = YES;
				SDKROOT = iphoneos;
				SWIFT_ACTIVE_COMPILATION_CONDITIONS = DEBUG;
				SWIFT_OPTIMIZATION_LEVEL = "-Onone";
			};
			name = Debug;
		};
		E78025AE257FA4B200030297 /* Release */ = {
			isa = XCBuildConfiguration;
			buildSettings = {
				ALWAYS_SEARCH_USER_PATHS = NO;
				CLANG_ANALYZER_NONNULL = YES;
				CLANG_ANALYZER_NUMBER_OBJECT_CONVERSION = YES_AGGRESSIVE;
				CLANG_CXX_LANGUAGE_STANDARD = "gnu++14";
				CLANG_CXX_LIBRARY = "libc++";
				CLANG_ENABLE_MODULES = YES;
				CLANG_ENABLE_OBJC_ARC = YES;
				CLANG_ENABLE_OBJC_WEAK = YES;
				CLANG_WARN_BLOCK_CAPTURE_AUTORELEASING = YES;
				CLANG_WARN_BOOL_CONVERSION = YES;
				CLANG_WARN_COMMA = YES;
				CLANG_WARN_CONSTANT_CONVERSION = YES;
				CLANG_WARN_DEPRECATED_OBJC_IMPLEMENTATIONS = YES;
				CLANG_WARN_DIRECT_OBJC_ISA_USAGE = YES_ERROR;
				CLANG_WARN_DOCUMENTATION_COMMENTS = YES;
				CLANG_WARN_EMPTY_BODY = YES;
				CLANG_WARN_ENUM_CONVERSION = YES;
				CLANG_WARN_INFINITE_RECURSION = YES;
				CLANG_WARN_INT_CONVERSION = YES;
				CLANG_WARN_NON_LITERAL_NULL_CONVERSION = YES;
				CLANG_WARN_OBJC_IMPLICIT_RETAIN_SELF = YES;
				CLANG_WARN_OBJC_LITERAL_CONVERSION = YES;
				CLANG_WARN_OBJC_ROOT_CLASS = YES_ERROR;
				CLANG_WARN_QUOTED_INCLUDE_IN_FRAMEWORK_HEADER = YES;
				CLANG_WARN_RANGE_LOOP_ANALYSIS = YES;
				CLANG_WARN_STRICT_PROTOTYPES = YES;
				CLANG_WARN_SUSPICIOUS_MOVE = YES;
				CLANG_WARN_UNGUARDED_AVAILABILITY = YES_AGGRESSIVE;
				CLANG_WARN_UNREACHABLE_CODE = YES;
				CLANG_WARN__DUPLICATE_METHOD_MATCH = YES;
				COPY_PHASE_STRIP = NO;
				DEBUG_INFORMATION_FORMAT = "dwarf-with-dsym";
				ENABLE_NS_ASSERTIONS = NO;
				ENABLE_STRICT_OBJC_MSGSEND = YES;
				GCC_C_LANGUAGE_STANDARD = gnu11;
				GCC_NO_COMMON_BLOCKS = YES;
				GCC_WARN_64_TO_32_BIT_CONVERSION = YES;
				GCC_WARN_ABOUT_RETURN_TYPE = YES_ERROR;
				GCC_WARN_UNDECLARED_SELECTOR = YES;
				GCC_WARN_UNINITIALIZED_AUTOS = YES_AGGRESSIVE;
				GCC_WARN_UNUSED_FUNCTION = YES;
				GCC_WARN_UNUSED_VARIABLE = YES;
				IPHONEOS_DEPLOYMENT_TARGET = 14.2;
				MTL_ENABLE_DEBUG_INFO = NO;
				MTL_FAST_MATH = YES;
				SDKROOT = iphoneos;
				SWIFT_COMPILATION_MODE = wholemodule;
				SWIFT_OPTIMIZATION_LEVEL = "-O";
				VALIDATE_PRODUCT = YES;
			};
			name = Release;
		};
		E78025B0257FA4B200030297 /* Debug */ = {
			isa = XCBuildConfiguration;
			buildSettings = {
				ASSETCATALOG_COMPILER_APPICON_NAME = AppIcon;
				ASSETCATALOG_COMPILER_GLOBAL_ACCENT_COLOR_NAME = AccentColor;
				CODE_SIGN_STYLE = Automatic;
				DEVELOPMENT_TEAM = 3ZJ7NJDQ47;
				INFOPLIST_FILE = "homework-5/Info.plist";
				LD_RUNPATH_SEARCH_PATHS = (
					"$(inherited)",
					"@executable_path/Frameworks",
				);
				PRODUCT_BUNDLE_IDENTIFIER = "com.ppv-vldmr.homework-5";
				PRODUCT_NAME = "$(TARGET_NAME)";
				SWIFT_VERSION = 5.0;
				TARGETED_DEVICE_FAMILY = "1,2";
			};
			name = Debug;
		};
		E78025B1257FA4B200030297 /* Release */ = {
			isa = XCBuildConfiguration;
			buildSettings = {
				ASSETCATALOG_COMPILER_APPICON_NAME = AppIcon;
				ASSETCATALOG_COMPILER_GLOBAL_ACCENT_COLOR_NAME = AccentColor;
				CODE_SIGN_STYLE = Automatic;
				DEVELOPMENT_TEAM = 3ZJ7NJDQ47;
				INFOPLIST_FILE = "homework-5/Info.plist";
				LD_RUNPATH_SEARCH_PATHS = (
					"$(inherited)",
					"@executable_path/Frameworks",
				);
				PRODUCT_BUNDLE_IDENTIFIER = "com.ppv-vldmr.homework-5";
				PRODUCT_NAME = "$(TARGET_NAME)";
				SWIFT_VERSION = 5.0;
				TARGETED_DEVICE_FAMILY = "1,2";
			};
			name = Release;
		};
/* End XCBuildConfiguration section */

/* Begin XCConfigurationList section */
		E7802596257FA4B100030297 /* Build configuration list for PBXProject "homework-5" */ = {
			isa = XCConfigurationList;
			buildConfigurations = (
				E78025AD257FA4B200030297 /* Debug */,
				E78025AE257FA4B200030297 /* Release */,
			);
			defaultConfigurationIsVisible = 0;
			defaultConfigurationName = Release;
		};
		E78025AF257FA4B200030297 /* Build configuration list for PBXNativeTarget "homework-5" */ = {
			isa = XCConfigurationList;
			buildConfigurations = (
				E78025B0257FA4B200030297 /* Debug */,
				E78025B1257FA4B200030297 /* Release */,
			);
			defaultConfigurationIsVisible = 0;
			defaultConfigurationName = Release;
		};
/* End XCConfigurationList section */
	};
	rootObject = E7802593257FA4B100030297 /* Project object */;
}
